
Microsoft Visual Studio Solution File, Format Version 12.00
# Visual Studio Version 16
VisualStudioVersion = 16.0.29926.136
MinimumVisualStudioVersion = 10.0.40219.1
Project("{FAE04EC0-301F-11D3-BF4B-00C04F79EFBC}") = "CombatSimulatorLibrary", "CombatSimulatorLibrary\CombatSimulatorLibrary.csproj", "{DF8CCD6A-1B25-45AB-BFDC-65D47052B09C}"
EndProject
Project("{FAE04EC0-301F-11D3-BF4B-00C04F79EFBC}") = "CombatSimulatorLibraryTests", "CombatSimulatorLibraryTests\CombatSimulatorLibraryTests.csproj", "{55129E60-7BD4-4407-AF3B-4CA758D2B933}"
EndProject
Global
	GlobalSection(SolutionConfigurationPlatforms) = preSolution
		Debug|Any CPU = Debug|Any CPU
		Release|Any CPU = Release|Any CPU
	EndGlobalSection
	GlobalSection(ProjectConfigurationPlatforms) = postSolution
		{DF8CCD6A-1B25-45AB-BFDC-65D47052B09C}.Debug|Any CPU.ActiveCfg = Debug|Any CPU
		{DF8CCD6A-1B25-45AB-BFDC-65D47052B09C}.Debug|Any CPU.Build.0 = Debug|Any CPU
		{DF8CCD6A-1B25-45AB-BFDC-65D47052B09C}.Release|Any CPU.ActiveCfg = Release|Any CPU
		{DF8CCD6A-1B25-45AB-BFDC-65D47052B09C}.Release|Any CPU.Build.0 = Release|Any CPU
		{55129E60-7BD4-4407-AF3B-4CA758D2B933}.Debug|Any CPU.ActiveCfg = Debug|Any CPU
		{55129E60-7BD4-4407-AF3B-4CA758D2B933}.Debug|Any CPU.Build.0 = Debug|Any CPU
		{55129E60-7BD4-4407-AF3B-4CA758D2B933}.Release|Any CPU.ActiveCfg = Release|Any CPU
		{55129E60-7BD4-4407-AF3B-4CA758D2B933}.Release|Any CPU.Build.0 = Release|Any CPU
	EndGlobalSection
	GlobalSection(SolutionProperties) = preSolution
		HideSolutionNode = FALSE
	EndGlobalSection
	GlobalSection(ExtensibilityGlobals) = postSolution
		SolutionGuid = {6A4A70DF-F704-4F45-B041-055A897D8849}
	EndGlobalSection
EndGlobal
